
Microsoft Visual Studio Solution File, Format Version 12.00
# Visual Studio 15
VisualStudioVersion = 15.0.28010.2019
MinimumVisualStudioVersion = 10.0.40219.1
Project("{FAE04EC0-301F-11D3-BF4B-00C04F79EFBC}") = "Sample", "Sample\Sample.csproj", "{C4277261-546B-4EC3-B9D7-92E6D2426564}"
EndProject
Project("{2150E333-8FDC-42A3-9474-1A3956D46DE8}") = "Solution Items", "Solution Items", "{22DBD5E9-8CC4-4871-90C5-D0259800BB50}"
	ProjectSection(SolutionItems) = preProject
		.editorconfig = .editorconfig
		NuGet.Config = NuGet.Config
	EndProjectSection
EndProject
Global
	GlobalSection(SolutionConfigurationPlatforms) = preSolution
		Debug|Any CPU = Debug|Any CPU
		Release|Any CPU = Release|Any CPU
	EndGlobalSection
	GlobalSection(ProjectConfigurationPlatforms) = postSolution
		{C4277261-546B-4EC3-B9D7-92E6D2426564}.Debug|Any CPU.ActiveCfg = Debug|Any CPU
		{C4277261-546B-4EC3-B9D7-92E6D2426564}.Debug|Any CPU.Build.0 = Debug|Any CPU
		{C4277261-546B-4EC3-B9D7-92E6D2426564}.Release|Any CPU.ActiveCfg = Release|Any CPU
		{C4277261-546B-4EC3-B9D7-92E6D2426564}.Release|Any CPU.Build.0 = Release|Any CPU
	EndGlobalSection
	GlobalSection(SolutionProperties) = preSolution
		HideSolutionNode = FALSE
	EndGlobalSection
	GlobalSection(ExtensibilityGlobals) = postSolution
		SolutionGuid = {A46893B9-138F-4C9F-9D89-0D7B79A20E94}
	EndGlobalSection
EndGlobal
